{
  "name": "companies-rest-api",
  "version": "0.1.0",
  "lockfileVersion": 1,
  "requires": true,
  "dependencies": {
    "lodash.get": {
      "version": "4.4.2",
      "resolved": "https://registry.npmjs.org/lodash.get/-/lodash.get-4.4.2.tgz",
      "integrity": "sha1-LRd/ZS+jHpObRDjVNBSZ36OCXpk=",
      "dev": true
    },
    "lodash.isempty": {
      "version": "4.4.0",
      "resolved": "https://registry.npmjs.org/lodash.isempty/-/lodash.isempty-4.4.0.tgz",
      "integrity": "sha1-b4bL7di+TsmHvpqvM8loTbGzHn4=",
      "dev": true
    },
    "serverless-api-gateway-throttling": {
      "version": "1.0.2",
      "resolved": "https://registry.npmjs.org/serverless-api-gateway-throttling/-/serverless-api-gateway-throttling-1.0.2.tgz",
      "integrity": "sha512-opsx3Pzm5+4J/DelNZbE+RyYQWbEEk5snJ5l/y488Yfy8jANkctWGdfBRAweS8/GiVeUFPIS85L+eyZXccrxFQ==",
      "dev": true,
      "requires": {
        "lodash.get": "^4.4.2",
        "lodash.isempty": "^4.4.0"
      }
    }
  }
}
